{
  "requires": true,
  "lockfileVersion": 1,
  "dependencies": {
    "@uirouter/angularjs": {
      "version": "1.0.12",
      "resolved": "https://registry.npmjs.org/@uirouter/angularjs/-/angularjs-1.0.12.tgz",
      "integrity": "sha512-HFOgeunQdMyloWa6mBKVdyq98w09ZjLbY7xAN1RAg4b7Fyfd9qmdW8E14pAUb6BWvAXCYfKstt+03tMNfx8fKg==",
      "requires": {
        "@uirouter/core": "5.0.13"
      },
      "dependencies": {
        "@uirouter/core": {
          "version": "5.0.13",
          "resolved": "https://registry.npmjs.org/@uirouter/core/-/core-5.0.13.tgz",
          "integrity": "sha512-/kC/47ag9uwouGXAgxpRe9j63QbkShddLgowXKifQVwtICfKBMquDe/3nFIPi+k6M9+1LEcRQ29EWGJo4ZoR2g=="
        }
      }
    },
    "@uirouter/core": {
      "version": "5.0.3",
      "resolved": "https://registry.npmjs.org/@uirouter/core/-/core-5.0.3.tgz",
      "integrity": "sha1-4rWx5FGQ4gxnuk4VwBPeXU4MyrM="
    },
    "angular": {
      "version": "1.6.8",
      "resolved": "https://registry.npmjs.org/angular/-/angular-1.6.8.tgz",
      "integrity": "sha512-9WErZIOw1Cu1V5Yxdvxz/6YpND8ntdP71fdPpufPFJvZodZXqCjQBYrHqEoMZreO5i84O3D/Jw/vepoFt68Azw=="
    },
    "angular-ui-router": {
      "version": "1.0.3",
      "resolved": "https://registry.npmjs.org/angular-ui-router/-/angular-ui-router-1.0.3.tgz",
      "integrity": "sha1-vySUyq6Vw3zwGvN2HYl0fP7S20U=",
      "requires": {
        "@uirouter/core": "5.0.3"
      }
    },
    "insert-css": {
      "version": "0.0.0",
      "resolved": "https://registry.npmjs.org/insert-css/-/insert-css-0.0.0.tgz",
      "integrity": "sha1-IwS/pviTq+y4/5yo2cdgXZTPKRE="
    },
    "jquery": {
      "version": "3.2.1",
      "resolved": "https://registry.npmjs.org/jquery/-/jquery-3.2.1.tgz",
      "integrity": "sha1-XE2d5lKvbNCncBVKYxu6ErAVx4c="
    },
    "normalize-css": {
      "version": "2.3.1",
      "resolved": "https://registry.npmjs.org/normalize-css/-/normalize-css-2.3.1.tgz",
      "integrity": "sha1-/APjuR46Uap6GDa657K2rG1R4VY=",
      "requires": {
        "insert-css": "0.0.0"
      }
    }
  }
}
